
Microsoft Visual Studio Solution File, Format Version 12.00
# Visual Studio Version 17
VisualStudioVersion = 17.0.31903.59
MinimumVisualStudioVersion = 10.0.40219.1
Project("{FAE04EC0-301F-11D3-BF4B-00C04F79EFBC}") = "Garage.Logic", "Garage.Logic\Garage.Logic.csproj", "{79BF05BE-23FA-4FD4-9937-8DC3148DAC58}"
EndProject
Project("{FAE04EC0-301F-11D3-BF4B-00C04F79EFBC}") = "Garage.App", "Garage.App\Garage.App.csproj", "{820415EB-BE9E-459C-B783-3EF6BD8D6759}"
EndProject
Global
	GlobalSection(SolutionConfigurationPlatforms) = preSolution
		Debug|Any CPU = Debug|Any CPU
		Release|Any CPU = Release|Any CPU
	EndGlobalSection
	GlobalSection(SolutionProperties) = preSolution
		HideSolutionNode = FALSE
	EndGlobalSection
	GlobalSection(ProjectConfigurationPlatforms) = postSolution
		{79BF05BE-23FA-4FD4-9937-8DC3148DAC58}.Debug|Any CPU.ActiveCfg = Debug|Any CPU
		{79BF05BE-23FA-4FD4-9937-8DC3148DAC58}.Debug|Any CPU.Build.0 = Debug|Any CPU
		{79BF05BE-23FA-4FD4-9937-8DC3148DAC58}.Release|Any CPU.ActiveCfg = Release|Any CPU
		{79BF05BE-23FA-4FD4-9937-8DC3148DAC58}.Release|Any CPU.Build.0 = Release|Any CPU
		{820415EB-BE9E-459C-B783-3EF6BD8D6759}.Debug|Any CPU.ActiveCfg = Debug|Any CPU
		{820415EB-BE9E-459C-B783-3EF6BD8D6759}.Debug|Any CPU.Build.0 = Debug|Any CPU
		{820415EB-BE9E-459C-B783-3EF6BD8D6759}.Release|Any CPU.ActiveCfg = Release|Any CPU
		{820415EB-BE9E-459C-B783-3EF6BD8D6759}.Release|Any CPU.Build.0 = Release|Any CPU
	EndGlobalSection
EndGlobal
